{
  "name": "react-graphql",
  "version": "0.1.0",
  "lockfileVersion": 1,
  "requires": true,
  "dependencies": {
    "@types/zen-observable": {
      "version": "0.5.3",
      "resolved": "https://registry.npmjs.org/@types/zen-observable/-/zen-observable-0.5.3.tgz",
      "integrity": "sha512-aDvGDAHcVfUqNmd8q4//cHAP+HGxsbChbBbuk3+kMVk5TTxfWLpQWvVN3+UPjohLnwMYN7jr6BWNn2cYNqdm7g==",
      "dev": true
    },
    "apollo-link": {
      "version": "1.0.7",
      "resolved": "https://registry.npmjs.org/apollo-link/-/apollo-link-1.0.7.tgz",
      "integrity": "sha512-oHzvpIDEy4UCNdbOw42wtOK1zOzdMrt4ulYyon24zT24MjicezTmXqJh2mR6whTl8RiUDLDY4ByusdKKXdcqHw==",
      "dev": true,
      "requires": {
        "@types/zen-observable": "0.5.3",
        "apollo-utilities": "1.0.4",
        "zen-observable": "0.6.1"
      }
    },
    "apollo-utilities": {
      "version": "1.0.4",
      "resolved": "https://registry.npmjs.org/apollo-utilities/-/apollo-utilities-1.0.4.tgz",
      "integrity": "sha512-QnxSxRuJLCpa91P2Tzi3PCdpPydpBEawsHedr/hW7QrgOpn1fOicxgVrzhxt/au9rXSopwyDTBsGa7wEvz+DQQ==",
      "dev": true
    },
    "deprecated-decorator": {
      "version": "0.1.6",
      "resolved": "https://registry.npmjs.org/deprecated-decorator/-/deprecated-decorator-0.1.6.tgz",
      "integrity": "sha1-AJZjF7ehL+kvPMgx91g68ym4bDc=",
      "dev": true
    },
    "es6-promise": {
      "version": "4.2.2",
      "resolved": "https://registry.npmjs.org/es6-promise/-/es6-promise-4.2.2.tgz",
      "integrity": "sha512-LSas5vsuA6Q4nEdf9wokY5/AJYXry98i0IzXsv49rYsgDGDNDPbqAYR1Pe23iFxygfbGZNR/5VrHXBCh2BhvUQ==",
      "dev": true
    },
    "graphql": {
      "version": "0.12.3",
      "resolved": "https://registry.npmjs.org/graphql/-/graphql-0.12.3.tgz",
      "integrity": "sha512-Hn9rdu4zacplKXNrLCvR8YFiTGnbM4Zw/UH8FDmzBDsH7ou40lSNH4tIlsxcYnz2TGNVJCpu1WxCM23yd6kzhA==",
      "dev": true,
      "requires": {
        "iterall": "1.1.3"
      }
    },
    "graphql-subscriptions": {
      "version": "0.5.6",
      "resolved": "https://registry.npmjs.org/graphql-subscriptions/-/graphql-subscriptions-0.5.6.tgz",
      "integrity": "sha512-LQW9cg0/L/yBMEJFsQwKhDCJifPGh8oWZz29Tzq4DVEwwS65O0Om0YGB1FbK/hP9/lINdEk91khHAKJv3OLGxQ==",
      "dev": true,
      "requires": {
        "es6-promise": "4.2.2",
        "iterall": "1.1.3"
      }
    },
    "graphql-tools": {
      "version": "2.18.0",
      "resolved": "https://registry.npmjs.org/graphql-tools/-/graphql-tools-2.18.0.tgz",
      "integrity": "sha512-cMvxhPG5R4dv287BMBCRY8mXbkaqcDK3GYMGIpRK6FLZ+KBoOInjT7HYcQkW21C4Khfl702Ktbb0wormAuHHRA==",
      "dev": true,
      "requires": {
        "apollo-link": "1.0.7",
        "apollo-utilities": "1.0.4",
        "deprecated-decorator": "0.1.6",
        "graphql-subscriptions": "0.5.6",
        "uuid": "3.2.0"
      }
    },
    "iterall": {
      "version": "1.1.3",
      "resolved": "https://registry.npmjs.org/iterall/-/iterall-1.1.3.tgz",
      "integrity": "sha512-Cu/kb+4HiNSejAPhSaN1VukdNTTi/r4/e+yykqjlG/IW+1gZH5b4+Bq3whDX4tvbYugta3r8KTMUiqT3fIGxuQ==",
      "dev": true
    },
    "uuid": {
      "version": "3.2.0",
      "resolved": "https://registry.npmjs.org/uuid/-/uuid-3.2.0.tgz",
      "integrity": "sha512-qC0vMFX6q6ee8JaoTF2Om1uL8KAV1ATUjVaHRxLiPJkIsp8JZl6ZjG0MIB+twZFLbi1vXj30rqj4zlqYiOS9xg==",
      "dev": true
    },
    "zen-observable": {
      "version": "0.6.1",
      "resolved": "https://registry.npmjs.org/zen-observable/-/zen-observable-0.6.1.tgz",
      "integrity": "sha512-DKjFTL7siVLIUMZOFZ0alqMEdTsXPUxoCZzrvB2tdWEVN/6606Qh1nCfSTCAOZMrtcPzzFI3BXmwBKLAew52NA==",
      "dev": true
    }
  }
}
